// !$*UTF8*$!
{
	archiveVersion = 1;
	classes = {
	};
	objectVersion = 55;
	objects = {

/* Begin PBXBuildFile section */
		04AEE6F5281A9A820086C9D5 /* AppDelegate.swift in Sources */ = {isa = PBXBuildFile; fileRef = 04AEE6F4281A9A820086C9D5 /* AppDelegate.swift */; };
		04AEE6F7281A9A820086C9D5 /* SceneDelegate.swift in Sources */ = {isa = PBXBuildFile; fileRef = 04AEE6F6281A9A820086C9D5 /* SceneDelegate.swift */; };
		04AEE6F9281A9A820086C9D5 /* ViewController.swift in Sources */ = {isa = PBXBuildFile; fileRef = 04AEE6F8281A9A820086C9D5 /* ViewController.swift */; };
		04AEE6FC281A9A820086C9D5 /* Main.storyboard in Resources */ = {isa = PBXBuildFile; fileRef = 04AEE6FA281A9A820086C9D5 /* Main.storyboard */; };
		04AEE6FE281A9A840086C9D5 /* Assets.xcassets in Resources */ = {isa = PBXBuildFile; fileRef = 04AEE6FD281A9A840086C9D5 /* Assets.xcassets */; };
		04AEE701281A9A840086C9D5 /* LaunchScreen.storyboard in Resources */ = {isa = PBXBuildFile; fileRef = 04AEE6FF281A9A840086C9D5 /* LaunchScreen.storyboard */; };
		04AEE70C281A9A840086C9D5 /* websocketappTests.swift in Sources */ = {isa = PBXBuildFile; fileRef = 04AEE70B281A9A840086C9D5 /* websocketappTests.swift */; };
		04AEE716281A9A850086C9D5 /* websocketappUITests.swift in Sources */ = {isa = PBXBuildFile; fileRef = 04AEE715281A9A850086C9D5 /* websocketappUITests.swift */; };
		04AEE718281A9A850086C9D5 /* websocketappUITestsLaunchTests.swift in Sources */ = {isa = PBXBuildFile; fileRef = 04AEE717281A9A850086C9D5 /* websocketappUITestsLaunchTests.swift */; };
		7919EAC38B4C6E23DCF51AFB /* Pods_websocketapp.framework in Frameworks */ = {isa = PBXBuildFile; fileRef = 577BA4713DBB4563E7442D3C /* Pods_websocketapp.framework */; };
/* End PBXBuildFile section */

/* Begin PBXContainerItemProxy section */
		04AEE708281A9A840086C9D5 /* PBXContainerItemProxy */ = {
			isa = PBXContainerItemProxy;
			containerPortal = 04AEE6E9281A9A820086C9D5 /* Project object */;
			proxyType = 1;
			remoteGlobalIDString = 04AEE6F0281A9A820086C9D5;
			remoteInfo = websocketapp;
		};
		04AEE712281A9A850086C9D5 /* PBXContainerItemProxy */ = {
			isa = PBXContainerItemProxy;
			containerPortal = 04AEE6E9281A9A820086C9D5 /* Project object */;
			proxyType = 1;
			remoteGlobalIDString = 04AEE6F0281A9A820086C9D5;
			remoteInfo = websocketapp;
		};
/* End PBXContainerItemProxy section */

/* Begin PBXFileReference section */
		04AEE6F1281A9A820086C9D5 /* websocketapp.app */ = {isa = PBXFileReference; explicitFileType = wrapper.application; includeInIndex = 0; path = websocketapp.app; sourceTree = BUILT_PRODUCTS_DIR; };
		04AEE6F4281A9A820086C9D5 /* AppDelegate.swift */ = {isa = PBXFileReference; lastKnownFileType = sourcecode.swift; path = AppDelegate.swift; sourceTree = "<group>"; };
		04AEE6F6281A9A820086C9D5 /* SceneDelegate.swift */ = {isa = PBXFileReference; lastKnownFileType = sourcecode.swift; path = SceneDelegate.swift; sourceTree = "<group>"; };
		04AEE6F8281A9A820086C9D5 /* ViewController.swift */ = {isa = PBXFileReference; lastKnownFileType = sourcecode.swift; path = ViewController.swift; sourceTree = "<group>"; };
		04AEE6FB281A9A820086C9D5 /* Base */ = {isa = PBXFileReference; lastKnownFileType = file.storyboard; name = Base; path = Base.lproj/Main.storyboard; sourceTree = "<group>"; };
		04AEE6FD281A9A840086C9D5 /* Assets.xcassets */ = {isa = PBXFileReference; lastKnownFileType = folder.assetcatalog; path = Assets.xcassets; sourceTree = "<group>"; };
		04AEE700281A9A840086C9D5 /* Base */ = {isa = PBXFileReference; lastKnownFileType = file.storyboard; name = Base; path = Base.lproj/LaunchScreen.storyboard; sourceTree = "<group>"; };
		04AEE702281A9A840086C9D5 /* Info.plist */ = {isa = PBXFileReference; lastKnownFileType = text.plist.xml; path = Info.plist; sourceTree = "<group>"; };
		04AEE707281A9A840086C9D5 /* websocketappTests.xctest */ = {isa = PBXFileReference; explicitFileType = wrapper.cfbundle; includeInIndex = 0; path = websocketappTests.xctest; sourceTree = BUILT_PRODUCTS_DIR; };
		04AEE70B281A9A840086C9D5 /* websocketappTests.swift */ = {isa = PBXFileReference; lastKnownFileType = sourcecode.swift; path = websocketappTests.swift; sourceTree = "<group>"; };
		04AEE711281A9A840086C9D5 /* websocketappUITests.xctest */ = {isa = PBXFileReference; explicitFileType = wrapper.cfbundle; includeInIndex = 0; path = websocketappUITests.xctest; sourceTree = BUILT_PRODUCTS_DIR; };
		04AEE715281A9A850086C9D5 /* websocketappUITests.swift */ = {isa = PBXFileReference; lastKnownFileType = sourcecode.swift; path = websocketappUITests.swift; sourceTree = "<group>"; };
		04AEE717281A9A850086C9D5 /* websocketappUITestsLaunchTests.swift */ = {isa = PBXFileReference; lastKnownFileType = sourcecode.swift; path = websocketappUITestsLaunchTests.swift; sourceTree = "<group>"; };
		577BA4713DBB4563E7442D3C /* Pods_websocketapp.framework */ = {isa = PBXFileReference; explicitFileType = wrapper.framework; includeInIndex = 0; path = Pods_websocketapp.framework; sourceTree = BUILT_PRODUCTS_DIR; };
		DC5715B325EBFF897DA1CD5F /* Pods-websocketapp.debug.xcconfig */ = {isa = PBXFileReference; includeInIndex = 1; lastKnownFileType = text.xcconfig; name = "Pods-websocketapp.debug.xcconfig"; path = "Target Support Files/Pods-websocketapp/Pods-websocketapp.debug.xcconfig"; sourceTree = "<group>"; };
		E6071E8C6179A094CCF4715F /* Pods-websocketapp.release.xcconfig */ = {isa = PBXFileReference; includeInIndex = 1; lastKnownFileType = text.xcconfig; name = "Pods-websocketapp.release.xcconfig"; path = "Target Support Files/Pods-websocketapp/Pods-websocketapp.release.xcconfig"; sourceTree = "<group>"; };
/* End PBXFileReference section */

/* Begin PBXFrameworksBuildPhase section */
		04AEE6EE281A9A820086C9D5 /* Frameworks */ = {
			isa = PBXFrameworksBuildPhase;
			buildActionMask = 2147483647;
			files = (
				7919EAC38B4C6E23DCF51AFB /* Pods_websocketapp.framework in Frameworks */,
			);
			runOnlyForDeploymentPostprocessing = 0;
		};
		04AEE704281A9A840086C9D5 /* Frameworks */ = {
			isa = PBXFrameworksBuildPhase;
			buildActionMask = 2147483647;
			files = (
			);
			runOnlyForDeploymentPostprocessing = 0;
		};
		04AEE70E281A9A840086C9D5 /* Frameworks */ = {
			isa = PBXFrameworksBuildPhase;
			buildActionMask = 2147483647;
			files = (
			);
			runOnlyForDeploymentPostprocessing = 0;
		};
/* End PBXFrameworksBuildPhase section */

/* Begin PBXGroup section */
		04AEE6E8281A9A820086C9D5 = {
			isa = PBXGroup;
			children = (
				04AEE6F3281A9A820086C9D5 /* websocketapp */,
				04AEE70A281A9A840086C9D5 /* websocketappTests */,
				04AEE714281A9A850086C9D5 /* websocketappUITests */,
				04AEE6F2281A9A820086C9D5 /* Products */,
				E4AACFDC9BC307393AD9A3FF /* Pods */,
				C9E851BC7C98884A4B3F4268 /* Frameworks */,
			);
			sourceTree = "<group>";
		};
		04AEE6F2281A9A820086C9D5 /* Products */ = {
			isa = PBXGroup;
			children = (
				04AEE6F1281A9A820086C9D5 /* websocketapp.app */,
				04AEE707281A9A840086C9D5 /* websocketappTests.xctest */,
				04AEE711281A9A840086C9D5 /* websocketappUITests.xctest */,
			);
			name = Products;
			sourceTree = "<group>";
		};
		04AEE6F3281A9A820086C9D5 /* websocketapp */ = {
			isa = PBXGroup;
			children = (
				04AEE6F4281A9A820086C9D5 /* AppDelegate.swift */,
				04AEE6F6281A9A820086C9D5 /* SceneDelegate.swift */,
				04AEE6F8281A9A820086C9D5 /* ViewController.swift */,
				04AEE6FA281A9A820086C9D5 /* Main.storyboard */,
				04AEE6FD281A9A840086C9D5 /* Assets.xcassets */,
				04AEE6FF281A9A840086C9D5 /* LaunchScreen.storyboard */,
				04AEE702281A9A840086C9D5 /* Info.plist */,
			);
			path = websocketapp;
			sourceTree = "<group>";
		};
		04AEE70A281A9A840086C9D5 /* websocketappTests */ = {
			isa = PBXGroup;
			children = (
				04AEE70B281A9A840086C9D5 /* websocketappTests.swift */,
			);
			path = websocketappTests;
			sourceTree = "<group>";
		};
		04AEE714281A9A850086C9D5 /* websocketappUITests */ = {
			isa = PBXGroup;
			children = (
				04AEE715281A9A850086C9D5 /* websocketappUITests.swift */,
				04AEE717281A9A850086C9D5 /* websocketappUITestsLaunchTests.swift */,
			);
			path = websocketappUITests;
			sourceTree = "<group>";
		};
		C9E851BC7C98884A4B3F4268 /* Frameworks */ = {
			isa = PBXGroup;
			children = (
				577BA4713DBB4563E7442D3C /* Pods_websocketapp.framework */,
			);
			name = Frameworks;
			sourceTree = "<group>";
		};
		E4AACFDC9BC307393AD9A3FF /* Pods */ = {
			isa = PBXGroup;
			children = (
				DC5715B325EBFF897DA1CD5F /* Pods-websocketapp.debug.xcconfig */,
				E6071E8C6179A094CCF4715F /* Pods-websocketapp.release.xcconfig */,
			);
			name = Pods;
			path = Pods;
			sourceTree = "<group>";
		};
/* End PBXGroup section */

/* Begin PBXNativeTarget section */
		04AEE6F0281A9A820086C9D5 /* websocketapp */ = {
			isa = PBXNativeTarget;
			buildConfigurationList = 04AEE71B281A9A850086C9D5 /* Build configuration list for PBXNativeTarget "websocketapp" */;
			buildPhases = (
				8208B65BEB0FBB69B5E23B0E /* [CP] Check Pods Manifest.lock */,
				04AEE6ED281A9A820086C9D5 /* Sources */,
				04AEE6EE281A9A820086C9D5 /* Frameworks */,
				04AEE6EF281A9A820086C9D5 /* Resources */,
				C32A2C00B4A849A9E16CC20D /* [CP] Embed Pods Frameworks */,
			);
			buildRules = (
			);
			dependencies = (
			);
			name = websocketapp;
			productName = websocketapp;
			productReference = 04AEE6F1281A9A820086C9D5 /* websocketapp.app */;
			productType = "com.apple.product-type.application";
		};
		04AEE706281A9A840086C9D5 /* websocketappTests */ = {
			isa = PBXNativeTarget;
			buildConfigurationList = 04AEE71E281A9A850086C9D5 /* Build configuration list for PBXNativeTarget "websocketappTests" */;
			buildPhases = (
				04AEE703281A9A840086C9D5 /* Sources */,
				04AEE704281A9A840086C9D5 /* Frameworks */,
				04AEE705281A9A840086C9D5 /* Resources */,
			);
			buildRules = (
			);
			dependencies = (
				04AEE709281A9A840086C9D5 /* PBXTargetDependency */,
			);
			name = websocketappTests;
			productName = websocketappTests;
			productReference = 04AEE707281A9A840086C9D5 /* websocketappTests.xctest */;
			productType = "com.apple.product-type.bundle.unit-test";
		};
		04AEE710281A9A840086C9D5 /* websocketappUITests */ = {
			isa = PBXNativeTarget;
			buildConfigurationList = 04AEE721281A9A850086C9D5 /* Build configuration list for PBXNativeTarget "websocketappUITests" */;
			buildPhases = (
				04AEE70D281A9A840086C9D5 /* Sources */,
				04AEE70E281A9A840086C9D5 /* Frameworks */,
				04AEE70F281A9A840086C9D5 /* Resources */,
			);
			buildRules = (
			);
			dependencies = (
				04AEE713281A9A850086C9D5 /* PBXTargetDependency */,
			);
			name = websocketappUITests;
			productName = websocketappUITests;
			productReference = 04AEE711281A9A840086C9D5 /* websocketappUITests.xctest */;
			productType = "com.apple.product-type.bundle.ui-testing";
		};
/* End PBXNativeTarget section */

/* Begin PBXProject section */
		04AEE6E9281A9A820086C9D5 /* Project object */ = {
			isa = PBXProject;
			attributes = {
				BuildIndependentTargetsInParallel = 1;
				LastSwiftUpdateCheck = 1330;
				LastUpgradeCheck = 1330;
				TargetAttributes = {
					04AEE6F0281A9A820086C9D5 = {
						CreatedOnToolsVersion = 13.3;
					};
					04AEE706281A9A840086C9D5 = {
						CreatedOnToolsVersion = 13.3;
						TestTargetID = 04AEE6F0281A9A820086C9D5;
					};
					04AEE710281A9A840086C9D5 = {
						CreatedOnToolsVersion = 13.3;
						TestTargetID = 04AEE6F0281A9A820086C9D5;
					};
				};
			};
			buildConfigurationList = 04AEE6EC281A9A820086C9D5 /* Build configuration list for PBXProject "websocketapp" */;
			compatibilityVersion = "Xcode 13.0";
			developmentRegion = en;
			hasScannedForEncodings = 0;
			knownRegions = (
				en,
				Base,
			);
			mainGroup = 04AEE6E8281A9A820086C9D5;
			productRefGroup = 04AEE6F2281A9A820086C9D5 /* Products */;
			projectDirPath = "";
			projectRoot = "";
			targets = (
				04AEE6F0281A9A820086C9D5 /* websocketapp */,
				04AEE706281A9A840086C9D5 /* websocketappTests */,
				04AEE710281A9A840086C9D5 /* websocketappUITests */,
			);
		};
/* End PBXProject section */

/* Begin PBXResourcesBuildPhase section */
		04AEE6EF281A9A820086C9D5 /* Resources */ = {
			isa = PBXResourcesBuildPhase;
			buildActionMask = 2147483647;
			files = (
				04AEE701281A9A840086C9D5 /* LaunchScreen.storyboard in Resources */,
				04AEE6FE281A9A840086C9D5 /* Assets.xcassets in Resources */,
				04AEE6FC281A9A820086C9D5 /* Main.storyboard in Resources */,
			);
			runOnlyForDeploymentPostprocessing = 0;
		};
		04AEE705281A9A840086C9D5 /* Resources */ = {
			isa = PBXResourcesBuildPhase;
			buildActionMask = 2147483647;
			files = (
			);
			runOnlyForDeploymentPostprocessing = 0;
		};
		04AEE70F281A9A840086C9D5 /* Resources */ = {
			isa = PBXResourcesBuildPhase;
			buildActionMask = 2147483647;
			files = (
			);
			runOnlyForDeploymentPostprocessing = 0;
		};
/* End PBXResourcesBuildPhase section */

/* Begin PBXShellScriptBuildPhase section */
		8208B65BEB0FBB69B5E23B0E /* [CP] Check Pods Manifest.lock */ = {
			isa = PBXShellScriptBuildPhase;
			buildActionMask = 2147483647;
			files = (
			);
			inputFileListPaths = (
			);
			inputPaths = (
				"${PODS_PODFILE_DIR_PATH}/Podfile.lock",
				"${PODS_ROOT}/Manifest.lock",
			);
			name = "[CP] Check Pods Manifest.lock";
			outputFileListPaths = (
			);
			outputPaths = (
				"$(DERIVED_FILE_DIR)/Pods-websocketapp-checkManifestLockResult.txt",
			);
			runOnlyForDeploymentPostprocessing = 0;
			shellPath = /bin/sh;
			shellScript = "diff \"${PODS_PODFILE_DIR_PATH}/Podfile.lock\" \"${PODS_ROOT}/Manifest.lock\" > /dev/null\nif [ $? != 0 ] ; then\n    # print error to STDERR\n    echo \"error: The sandbox is not in sync with the Podfile.lock. Run 'pod install' or update your CocoaPods installation.\" >&2\n    exit 1\nfi\n# This output is used by Xcode 'outputs' to avoid re-running this script phase.\necho \"SUCCESS\" > \"${SCRIPT_OUTPUT_FILE_0}\"\n";
			showEnvVarsInLog = 0;
		};
		C32A2C00B4A849A9E16CC20D /* [CP] Embed Pods Frameworks */ = {
			isa = PBXShellScriptBuildPhase;
			buildActionMask = 2147483647;
			files = (
			);
			inputFileListPaths = (
				"${PODS_ROOT}/Target Support Files/Pods-websocketapp/Pods-websocketapp-frameworks-${CONFIGURATION}-input-files.xcfilelist",
			);
			name = "[CP] Embed Pods Frameworks";
			outputFileListPaths = (
				"${PODS_ROOT}/Target Support Files/Pods-websocketapp/Pods-websocketapp-frameworks-${CONFIGURATION}-output-files.xcfilelist",
			);
			runOnlyForDeploymentPostprocessing = 0;
			shellPath = /bin/sh;
			shellScript = "\"${PODS_ROOT}/Target Support Files/Pods-websocketapp/Pods-websocketapp-frameworks.sh\"\n";
			showEnvVarsInLog = 0;
		};
/* End PBXShellScriptBuildPhase section */

/* Begin PBXSourcesBuildPhase section */
		04AEE6ED281A9A820086C9D5 /* Sources */ = {
			isa = PBXSourcesBuildPhase;
			buildActionMask = 2147483647;
			files = (
				04AEE6F9281A9A820086C9D5 /* ViewController.swift in Sources */,
				04AEE6F5281A9A820086C9D5 /* AppDelegate.swift in Sources */,
				04AEE6F7281A9A820086C9D5 /* SceneDelegate.swift in Sources */,
			);
			runOnlyForDeploymentPostprocessing = 0;
		};
		04AEE703281A9A840086C9D5 /* Sources */ = {
			isa = PBXSourcesBuildPhase;
			buildActionMask = 2147483647;
			files = (
				04AEE70C281A9A840086C9D5 /* websocketappTests.swift in Sources */,
			);
			runOnlyForDeploymentPostprocessing = 0;
		};
		04AEE70D281A9A840086C9D5 /* Sources */ = {
			isa = PBXSourcesBuildPhase;
			buildActionMask = 2147483647;
			files = (
				04AEE718281A9A850086C9D5 /* websocketappUITestsLaunchTests.swift in Sources */,
				04AEE716281A9A850086C9D5 /* websocketappUITests.swift in Sources */,
			);
			runOnlyForDeploymentPostprocessing = 0;
		};
/* End PBXSourcesBuildPhase section */

/* Begin PBXTargetDependency section */
		04AEE709281A9A840086C9D5 /* PBXTargetDependency */ = {
			isa = PBXTargetDependency;
			target = 04AEE6F0281A9A820086C9D5 /* websocketapp */;
			targetProxy = 04AEE708281A9A840086C9D5 /* PBXContainerItemProxy */;
		};
		04AEE713281A9A850086C9D5 /* PBXTargetDependency */ = {
			isa = PBXTargetDependency;
			target = 04AEE6F0281A9A820086C9D5 /* websocketapp */;
			targetProxy = 04AEE712281A9A850086C9D5 /* PBXContainerItemProxy */;
		};
/* End PBXTargetDependency section */

/* Begin PBXVariantGroup section */
		04AEE6FA281A9A820086C9D5 /* Main.storyboard */ = {
			isa = PBXVariantGroup;
			children = (
				04AEE6FB281A9A820086C9D5 /* Base */,
			);
			name = Main.storyboard;
			sourceTree = "<group>";
		};
		04AEE6FF281A9A840086C9D5 /* LaunchScreen.storyboard */ = {
			isa = PBXVariantGroup;
			children = (
				04AEE700281A9A840086C9D5 /* Base */,
			);
			name = LaunchScreen.storyboard;
			sourceTree = "<group>";
		};
/* End PBXVariantGroup section */

/* Begin XCBuildConfiguration section */
		04AEE719281A9A850086C9D5 /* Debug */ = {
			isa = XCBuildConfiguration;
			buildSettings = {
				ALWAYS_SEARCH_USER_PATHS = NO;
				CLANG_ANALYZER_NONNULL = YES;
				CLANG_ANALYZER_NUMBER_OBJECT_CONVERSION = YES_AGGRESSIVE;
				CLANG_CXX_LANGUAGE_STANDARD = "gnu++17";
				CLANG_ENABLE_MODULES = YES;
				CLANG_ENABLE_OBJC_ARC = YES;
				CLANG_ENABLE_OBJC_WEAK = YES;
				CLANG_WARN_BLOCK_CAPTURE_AUTORELEASING = YES;
				CLANG_WARN_BOOL_CONVERSION = YES;
				CLANG_WARN_COMMA = YES;
				CLANG_WARN_CONSTANT_CONVERSION = YES;
				CLANG_WARN_DEPRECATED_OBJC_IMPLEMENTATIONS = YES;
				CLANG_WARN_DIRECT_OBJC_ISA_USAGE = YES_ERROR;
				CLANG_WARN_DOCUMENTATION_COMMENTS = YES;
				CLANG_WARN_EMPTY_BODY = YES;
				CLANG_WARN_ENUM_CONVERSION = YES;
				CLANG_WARN_INFINITE_RECURSION = YES;
				CLANG_WARN_INT_CONVERSION = YES;
				CLANG_WARN_NON_LITERAL_NULL_CONVERSION = YES;
				CLANG_WARN_OBJC_IMPLICIT_RETAIN_SELF = YES;
				CLANG_WARN_OBJC_LITERAL_CONVERSION = YES;
				CLANG_WARN_OBJC_ROOT_CLASS = YES_ERROR;
				CLANG_WARN_QUOTED_INCLUDE_IN_FRAMEWORK_HEADER = YES;
				CLANG_WARN_RANGE_LOOP_ANALYSIS = YES;
				CLANG_WARN_STRICT_PROTOTYPES = YES;
				CLANG_WARN_SUSPICIOUS_MOVE = YES;
				CLANG_WARN_UNGUARDED_AVAILABILITY = YES_AGGRESSIVE;
				CLANG_WARN_UNREACHABLE_CODE = YES;
				CLANG_WARN__DUPLICATE_METHOD_MATCH = YES;
				COPY_PHASE_STRIP = NO;
				DEBUG_INFORMATION_FORMAT = dwarf;
				ENABLE_STRICT_OBJC_MSGSEND = YES;
				ENABLE_TESTABILITY = YES;
				GCC_C_LANGUAGE_STANDARD = gnu11;
				GCC_DYNAMIC_NO_PIC = NO;
				GCC_NO_COMMON_BLOCKS = YES;
				GCC_OPTIMIZATION_LEVEL = 0;
				GCC_PREPROCESSOR_DEFINITIONS = (
					"DEBUG=1",
					"$(inherited)",
				);
				GCC_WARN_64_TO_32_BIT_CONVERSION = YES;
				GCC_WARN_ABOUT_RETURN_TYPE = YES_ERROR;
				GCC_WARN_UNDECLARED_SELECTOR = YES;
				GCC_WARN_UNINITIALIZED_AUTOS = YES_AGGRESSIVE;
				GCC_WARN_UNUSED_FUNCTION = YES;
				GCC_WARN_UNUSED_VARIABLE = YES;
				IPHONEOS_DEPLOYMENT_TARGET = 15.4;
				MTL_ENABLE_DEBUG_INFO = INCLUDE_SOURCE;
				MTL_FAST_MATH = YES;
				ONLY_ACTIVE_ARCH = YES;
				SDKROOT = iphoneos;
				SWIFT_ACTIVE_COMPILATION_CONDITIONS = DEBUG;
				SWIFT_OPTIMIZATION_LEVEL = "-Onone";
			};
			name = Debug;
		};
		04AEE71A281A9A850086C9D5 /* Release */ = {
			isa = XCBuildConfiguration;
			buildSettings = {
				ALWAYS_SEARCH_USER_PATHS = NO;
				CLANG_ANALYZER_NONNULL = YES;
				CLANG_ANALYZER_NUMBER_OBJECT_CONVERSION = YES_AGGRESSIVE;
				CLANG_CXX_LANGUAGE_STANDARD = "gnu++17";
				CLANG_ENABLE_MODULES = YES;
				CLANG_ENABLE_OBJC_ARC = YES;
				CLANG_ENABLE_OBJC_WEAK = YES;
				CLANG_WARN_BLOCK_CAPTURE_AUTORELEASING = YES;
				CLANG_WARN_BOOL_CONVERSION = YES;
				CLANG_WARN_COMMA = YES;
				CLANG_WARN_CONSTANT_CONVERSION = YES;
				CLANG_WARN_DEPRECATED_OBJC_IMPLEMENTATIONS = YES;
				CLANG_WARN_DIRECT_OBJC_ISA_USAGE = YES_ERROR;
				CLANG_WARN_DOCUMENTATION_COMMENTS = YES;
				CLANG_WARN_EMPTY_BODY = YES;
				CLANG_WARN_ENUM_CONVERSION = YES;
				CLANG_WARN_INFINITE_RECURSION = YES;
				CLANG_WARN_INT_CONVERSION = YES;
				CLANG_WARN_NON_LITERAL_NULL_CONVERSION = YES;
				CLANG_WARN_OBJC_IMPLICIT_RETAIN_SELF = YES;
				CLANG_WARN_OBJC_LITERAL_CONVERSION = YES;
				CLANG_WARN_OBJC_ROOT_CLASS = YES_ERROR;
				CLANG_WARN_QUOTED_INCLUDE_IN_FRAMEWORK_HEADER = YES;
				CLANG_WARN_RANGE_LOOP_ANALYSIS = YES;
				CLANG_WARN_STRICT_PROTOTYPES = YES;
				CLANG_WARN_SUSPICIOUS_MOVE = YES;
				CLANG_WARN_UNGUARDED_AVAILABILITY = YES_AGGRESSIVE;
				CLANG_WARN_UNREACHABLE_CODE = YES;
				CLANG_WARN__DUPLICATE_METHOD_MATCH = YES;
				COPY_PHASE_STRIP = NO;
				DEBUG_INFORMATION_FORMAT = "dwarf-with-dsym";
				ENABLE_NS_ASSERTIONS = NO;
				ENABLE_STRICT_OBJC_MSGSEND = YES;
				GCC_C_LANGUAGE_STANDARD = gnu11;
				GCC_NO_COMMON_BLOCKS = YES;
				GCC_WARN_64_TO_32_BIT_CONVERSION = YES;
				GCC_WARN_ABOUT_RETURN_TYPE = YES_ERROR;
				GCC_WARN_UNDECLARED_SELECTOR = YES;
				GCC_WARN_UNINITIALIZED_AUTOS = YES_AGGRESSIVE;
				GCC_WARN_UNUSED_FUNCTION = YES;
				GCC_WARN_UNUSED_VARIABLE = YES;
				IPHONEOS_DEPLOYMENT_TARGET = 15.4;
				MTL_ENABLE_DEBUG_INFO = NO;
				MTL_FAST_MATH = YES;
				SDKROOT = iphoneos;
				SWIFT_COMPILATION_MODE = wholemodule;
				SWIFT_OPTIMIZATION_LEVEL = "-O";
				VALIDATE_PRODUCT = YES;
			};
			name = Release;
		};
		04AEE71C281A9A850086C9D5 /* Debug */ = {
			isa = XCBuildConfiguration;
			baseConfigurationReference = DC5715B325EBFF897DA1CD5F /* Pods-websocketapp.debug.xcconfig */;
			buildSettings = {
				ASSETCATALOG_COMPILER_APPICON_NAME = AppIcon;
				ASSETCATALOG_COMPILER_GLOBAL_ACCENT_COLOR_NAME = AccentColor;
				CODE_SIGN_STYLE = Automatic;
				CURRENT_PROJECT_VERSION = 1;
				DEVELOPMENT_TEAM = 2BJ4272MRL;
				GENERATE_INFOPLIST_FILE = YES;
				INFOPLIST_FILE = websocketapp/Info.plist;
				INFOPLIST_KEY_UIApplicationSupportsIndirectInputEvents = YES;
				INFOPLIST_KEY_UILaunchStoryboardName = LaunchScreen;
				INFOPLIST_KEY_UIMainStoryboardFile = Main;
				INFOPLIST_KEY_UISupportedInterfaceOrientations_iPad = "UIInterfaceOrientationPortrait UIInterfaceOrientationPortraitUpsideDown UIInterfaceOrientationLandscapeLeft UIInterfaceOrientationLandscapeRight";
				INFOPLIST_KEY_UISupportedInterfaceOrientations_iPhone = "UIInterfaceOrientationPortrait UIInterfaceOrientationLandscapeLeft UIInterfaceOrientationLandscapeRight";
				LD_RUNPATH_SEARCH_PATHS = (
					"$(inherited)",
					"@executable_path/Frameworks",
				);
				MARKETING_VERSION = 1.0;
				PRODUCT_BUNDLE_IDENTIFIER = actia.websocketapp;
				PRODUCT_NAME = "$(TARGET_NAME)";
				SWIFT_EMIT_LOC_STRINGS = YES;
				SWIFT_VERSION = 5.0;
				TARGETED_DEVICE_FAMILY = "1,2";
			};
			name = Debug;
		};
		04AEE71D281A9A850086C9D5 /* Release */ = {
			isa = XCBuildConfiguration;
			baseConfigurationReference = E6071E8C6179A094CCF4715F /* Pods-websocketapp.release.xcconfig */;
			buildSettings = {
				ASSETCATALOG_COMPILER_APPICON_NAME = AppIcon;
				ASSETCATALOG_COMPILER_GLOBAL_ACCENT_COLOR_NAME = AccentColor;
				CODE_SIGN_STYLE = Automatic;
				CURRENT_PROJECT_VERSION = 1;
				DEVELOPMENT_TEAM = 2BJ4272MRL;
				GENERATE_INFOPLIST_FILE = YES;
				INFOPLIST_FILE = websocketapp/Info.plist;
				INFOPLIST_KEY_UIApplicationSupportsIndirectInputEvents = YES;
				INFOPLIST_KEY_UILaunchStoryboardName = LaunchScreen;
				INFOPLIST_KEY_UIMainStoryboardFile = Main;
				INFOPLIST_KEY_UISupportedInterfaceOrientations_iPad = "UIInterfaceOrientationPortrait UIInterfaceOrientationPortraitUpsideDown UIInterfaceOrientationLandscapeLeft UIInterfaceOrientationLandscapeRight";
				INFOPLIST_KEY_UISupportedInterfaceOrientations_iPhone = "UIInterfaceOrientationPortrait UIInterfaceOrientationLandscapeLeft UIInterfaceOrientationLandscapeRight";
				LD_RUNPATH_SEARCH_PATHS = (
					"$(inherited)",
					"@executable_path/Frameworks",
				);
				MARKETING_VERSION = 1.0;
				PRODUCT_BUNDLE_IDENTIFIER = actia.websocketapp;
				PRODUCT_NAME = "$(TARGET_NAME)";
				SWIFT_EMIT_LOC_STRINGS = YES;
				SWIFT_VERSION = 5.0;
				TARGETED_DEVICE_FAMILY = "1,2";
			};
			name = Release;
		};
		04AEE71F281A9A850086C9D5 /* Debug */ = {
			isa = XCBuildConfiguration;
			buildSettings = {
				ALWAYS_EMBED_SWIFT_STANDARD_LIBRARIES = YES;
				BUNDLE_LOADER = "$(TEST_HOST)";
				CODE_SIGN_STYLE = Automatic;
				CURRENT_PROJECT_VERSION = 1;
				DEVELOPMENT_TEAM = 2BJ4272MRL;
				GENERATE_INFOPLIST_FILE = YES;
				IPHONEOS_DEPLOYMENT_TARGET = 15.4;
				MARKETING_VERSION = 1.0;
				PRODUCT_BUNDLE_IDENTIFIER = actia.websocketappTests;
				PRODUCT_NAME = "$(TARGET_NAME)";
				SWIFT_EMIT_LOC_STRINGS = NO;
				SWIFT_VERSION = 5.0;
				TARGETED_DEVICE_FAMILY = "1,2";
				TEST_HOST = "$(BUILT_PRODUCTS_DIR)/websocketapp.app/websocketapp";
			};
			name = Debug;
		};
		04AEE720281A9A850086C9D5 /* Release */ = {
			isa = XCBuildConfiguration;
			buildSettings = {
				ALWAYS_EMBED_SWIFT_STANDARD_LIBRARIES = YES;
				BUNDLE_LOADER = "$(TEST_HOST)";
				CODE_SIGN_STYLE = Automatic;
				CURRENT_PROJECT_VERSION = 1;
				DEVELOPMENT_TEAM = 2BJ4272MRL;
				GENERATE_INFOPLIST_FILE = YES;
				IPHONEOS_DEPLOYMENT_TARGET = 15.4;
				MARKETING_VERSION = 1.0;
				PRODUCT_BUNDLE_IDENTIFIER = actia.websocketappTests;
				PRODUCT_NAME = "$(TARGET_NAME)";
				SWIFT_EMIT_LOC_STRINGS = NO;
				SWIFT_VERSION = 5.0;
				TARGETED_DEVICE_FAMILY = "1,2";
				TEST_HOST = "$(BUILT_PRODUCTS_DIR)/websocketapp.app/websocketapp";
			};
			name = Release;
		};
		04AEE722281A9A850086C9D5 /* Debug */ = {
			isa = XCBuildConfiguration;
			buildSettings = {
				ALWAYS_EMBED_SWIFT_STANDARD_LIBRARIES = YES;
				CODE_SIGN_STYLE = Automatic;
				CURRENT_PROJECT_VERSION = 1;
				DEVELOPMENT_TEAM = 2BJ4272MRL;
				GENERATE_INFOPLIST_FILE = YES;
				MARKETING_VERSION = 1.0;
				PRODUCT_BUNDLE_IDENTIFIER = actia.websocketappUITests;
				PRODUCT_NAME = "$(TARGET_NAME)";
				SWIFT_EMIT_LOC_STRINGS = NO;
				SWIFT_VERSION = 5.0;
				TARGETED_DEVICE_FAMILY = "1,2";
				TEST_TARGET_NAME = websocketapp;
			};
			name = Debug;
		};
		04AEE723281A9A850086C9D5 /* Release */ = {
			isa = XCBuildConfiguration;
			buildSettings = {
				ALWAYS_EMBED_SWIFT_STANDARD_LIBRARIES = YES;
				CODE_SIGN_STYLE = Automatic;
				CURRENT_PROJECT_VERSION = 1;
				DEVELOPMENT_TEAM = 2BJ4272MRL;
				GENERATE_INFOPLIST_FILE = YES;
				MARKETING_VERSION = 1.0;
				PRODUCT_BUNDLE_IDENTIFIER = actia.websocketappUITests;
				PRODUCT_NAME = "$(TARGET_NAME)";
				SWIFT_EMIT_LOC_STRINGS = NO;
				SWIFT_VERSION = 5.0;
				TARGETED_DEVICE_FAMILY = "1,2";
				TEST_TARGET_NAME = websocketapp;
			};
			name = Release;
		};
/* End XCBuildConfiguration section */

/* Begin XCConfigurationList section */
		04AEE6EC281A9A820086C9D5 /* Build configuration list for PBXProject "websocketapp" */ = {
			isa = XCConfigurationList;
			buildConfigurations = (
				04AEE719281A9A850086C9D5 /* Debug */,
				04AEE71A281A9A850086C9D5 /* Release */,
			);
			defaultConfigurationIsVisible = 0;
			defaultConfigurationName = Release;
		};
		04AEE71B281A9A850086C9D5 /* Build configuration list for PBXNativeTarget "websocketapp" */ = {
			isa = XCConfigurationList;
			buildConfigurations = (
				04AEE71C281A9A850086C9D5 /* Debug */,
				04AEE71D281A9A850086C9D5 /* Release */,
			);
			defaultConfigurationIsVisible = 0;
			defaultConfigurationName = Release;
		};
		04AEE71E281A9A850086C9D5 /* Build configuration list for PBXNativeTarget "websocketappTests" */ = {
			isa = XCConfigurationList;
			buildConfigurations = (
				04AEE71F281A9A850086C9D5 /* Debug */,
				04AEE720281A9A850086C9D5 /* Release */,
			);
			defaultConfigurationIsVisible = 0;
			defaultConfigurationName = Release;
		};
		04AEE721281A9A850086C9D5 /* Build configuration list for PBXNativeTarget "websocketappUITests" */ = {
			isa = XCConfigurationList;
			buildConfigurations = (
				04AEE722281A9A850086C9D5 /* Debug */,
				04AEE723281A9A850086C9D5 /* Release */,
			);
			defaultConfigurationIsVisible = 0;
			defaultConfigurationName = Release;
		};
/* End XCConfigurationList section */
	};
	rootObject = 04AEE6E9281A9A820086C9D5 /* Project object */;
}
